PODS:
  - MaterialComponents/AnimationTiming (87.1.1)
  - MaterialComponents/AppBar (87.1.1):
    - MaterialComponents/FlexibleHeader
    - MaterialComponents/HeaderStackView
    - MaterialComponents/NavigationBar
    - MaterialComponents/private/Application
    - MaterialComponents/private/Icons/ic_arrow_back
    - MaterialComponents/private/UIMetrics
    - MaterialComponents/ShadowElevations
    - MaterialComponents/ShadowLayer
    - MaterialComponents/Typography
    - MDFInternationalization
  - MaterialComponents/ButtonBar (87.1.1):
    - MaterialComponents/Buttons
    - MaterialComponents/private/Application
    - MDFInternationalization
  - MaterialComponents/Buttons (87.1.1):
    - MaterialComponents/Elevation
    - MaterialComponents/Ink
    - MaterialComponents/private/Math
    - MaterialComponents/Ripple
    - MaterialComponents/ShadowElevations
    - MaterialComponents/ShadowLayer
    - MaterialComponents/Shapes
    - MaterialComponents/Typography
    - MDFInternationalization
    - MDFTextAccessibility
  - MaterialComponents/Elevation (87.1.1):
    - MaterialComponents/private/Color
    - MaterialComponents/private/Math
  - MaterialComponents/FlexibleHeader (87.1.1):
    - MaterialComponents/Elevation
    - MaterialComponents/private/Application
    - MaterialComponents/private/Math
    - MaterialComponents/private/UIMetrics
    - MaterialComponents/ShadowElevations
    - MaterialComponents/ShadowLayer
    - MDFTextAccessibility
  - "MaterialComponents/FlexibleHeader+CanAlwaysExpandToMaximumHeight (87.1.1)":
    - MaterialComponents/FlexibleHeader
  - MaterialComponents/HeaderStackView (87.1.1)
  - MaterialComponents/Ink (87.1.1):
    - MaterialComponents/private/Color
    - MaterialComponents/private/Math
  - MaterialComponents/NavigationBar (87.1.1):
    - MaterialComponents/ButtonBar
    - MaterialComponents/Elevation
    - MaterialComponents/private/Math
    - MaterialComponents/Typography
    - MDFInternationalization
    - MDFTextAccessibility
  - MaterialComponents/OverlayWindow (87.1.1):
    - MaterialComponents/private/Application
  - MaterialComponents/Palettes (87.1.1)
  - MaterialComponents/private/Application (87.1.1)
  - MaterialComponents/private/Color (87.1.1)
  - MaterialComponents/private/Icons/Base (87.1.1)
  - MaterialComponents/private/Icons/ic_arrow_back (87.1.1):
    - MaterialComponents/private/Icons/Base
  - MaterialComponents/private/KeyboardWatcher (87.1.1):
    - MaterialComponents/private/Application
  - MaterialComponents/private/Math (87.1.1)
  - MaterialComponents/private/Overlay (87.1.1)
  - MaterialComponents/private/UIMetrics (87.1.1):
    - MaterialComponents/private/Application
  - MaterialComponents/Ripple (87.1.1):
    - MaterialComponents/AnimationTiming
    - MaterialComponents/private/Color
    - MaterialComponents/private/Math
  - MaterialComponents/ShadowElevations (87.1.1)
  - MaterialComponents/ShadowLayer (87.1.1):
    - MaterialComponents/ShadowElevations
  - MaterialComponents/Shapes (87.1.1):
    - MaterialComponents/private/Color
    - MaterialComponents/private/Math
    - MaterialComponents/ShadowLayer
  - MaterialComponents/Snackbar (87.1.1):
    - MaterialComponents/AnimationTiming
    - MaterialComponents/Buttons
    - MaterialComponents/Elevation
    - MaterialComponents/OverlayWindow
    - MaterialComponents/private/Application
    - MaterialComponents/private/KeyboardWatcher
    - MaterialComponents/private/Math
    - MaterialComponents/private/Overlay
    - MaterialComponents/ShadowElevations
    - MaterialComponents/ShadowLayer
    - MaterialComponents/Typography
  - MaterialComponents/Tabs (87.1.1):
    - MaterialComponents/AnimationTiming
    - MaterialComponents/Elevation
    - MaterialComponents/Ink
    - MaterialComponents/Palettes
    - MaterialComponents/private/Math
    - MaterialComponents/Ripple
    - MaterialComponents/ShadowElevations
    - MaterialComponents/ShadowLayer
    - MaterialComponents/Typography
    - MDFInternationalization
  - MaterialComponents/Typography (87.1.1):
    - MaterialComponents/private/Application
    - MaterialComponents/private/Math
  - MDFInternationalization (2.0.0)
  - MDFTextAccessibility (2.0.0)

DEPENDENCIES:
  - MaterialComponents/AppBar
  - MaterialComponents/FlexibleHeader
  - "MaterialComponents/FlexibleHeader+CanAlwaysExpandToMaximumHeight"
  - MaterialComponents/Snackbar
  - MaterialComponents/Tabs

SPEC REPOS:
  https://github.com/cocoapods/specs.git:
    - MaterialComponents
    - MDFInternationalization
    - MDFTextAccessibility

SPEC CHECKSUMS:
  MaterialComponents: 5a7610b21224bebf35427f39c6fa058e9bfdd10c
  MDFInternationalization: 010097556d6b09d2c4ea38e0820ea6d37be6a314
  MDFTextAccessibility: 85c09a1bd9c321f494348e632a25063bcda35a53

PODFILE CHECKSUM: c4cb39710a4df8c126d704f32071266a2199cfb9

COCOAPODS: 1.5.3
