PODS:
  - MaterialComponents/AnimationTiming (92.5.0)
  - MaterialComponents/AppBar (92.5.0):
    - MaterialComponents/FlexibleHeader
    - MaterialComponents/HeaderStackView
    - MaterialComponents/NavigationBar
    - MaterialComponents/private/Application
    - MaterialComponents/private/Icons/ic_arrow_back
    - MaterialComponents/private/UIMetrics
    - MaterialComponents/ShadowElevations
    - MaterialComponents/ShadowLayer
    - MaterialComponents/Typography
    - MDFInternationalization
  - MaterialComponents/ButtonBar (92.5.0):
    - MaterialComponents/Buttons
    - MaterialComponents/private/Application
    - MDFInternationalization
  - MaterialComponents/Buttons (92.5.0):
    - MaterialComponents/Elevation
    - MaterialComponents/Ink
    - MaterialComponents/private/Math
    - MaterialComponents/Ripple
    - MaterialComponents/ShadowElevations
    - MaterialComponents/ShadowLayer
    - MaterialComponents/Shapes
    - MaterialComponents/Typography
    - MDFInternationalization
    - MDFTextAccessibility
  - MaterialComponents/Elevation (92.5.0):
    - MaterialComponents/private/Color
    - MaterialComponents/private/Math
  - MaterialComponents/FlexibleHeader (92.5.0):
    - MaterialComponents/Elevation
    - MaterialComponents/private/Application
    - MaterialComponents/private/Math
    - MaterialComponents/private/UIMetrics
    - MaterialComponents/ShadowElevations
    - MaterialComponents/ShadowLayer
    - MDFTextAccessibility
  - "MaterialComponents/FlexibleHeader+CanAlwaysExpandToMaximumHeight (92.5.0)":
    - MaterialComponents/FlexibleHeader
  - MaterialComponents/HeaderStackView (92.5.0)
  - MaterialComponents/Ink (92.5.0):
    - MaterialComponents/private/Color
    - MaterialComponents/private/Math
  - MaterialComponents/NavigationBar (92.5.0):
    - MaterialComponents/ButtonBar
    - MaterialComponents/Elevation
    - MaterialComponents/private/Math
    - MaterialComponents/Typography
    - MDFInternationalization
    - MDFTextAccessibility
  - MaterialComponents/OverlayWindow (92.5.0):
    - MaterialComponents/private/Application
  - MaterialComponents/Palettes (92.5.0)
  - MaterialComponents/private/Application (92.5.0)
  - MaterialComponents/private/Color (92.5.0)
  - MaterialComponents/private/Icons/Base (92.5.0)
  - MaterialComponents/private/Icons/ic_arrow_back (92.5.0):
    - MaterialComponents/private/Icons/Base
  - MaterialComponents/private/KeyboardWatcher (92.5.0):
    - MaterialComponents/private/Application
  - MaterialComponents/private/Math (92.5.0)
  - MaterialComponents/private/Overlay (92.5.0)
  - MaterialComponents/private/UIMetrics (92.5.0):
    - MaterialComponents/private/Application
  - MaterialComponents/Ripple (92.5.0):
    - MaterialComponents/AnimationTiming
    - MaterialComponents/private/Color
    - MaterialComponents/private/Math
  - MaterialComponents/ShadowElevations (92.5.0)
  - MaterialComponents/ShadowLayer (92.5.0):
    - MaterialComponents/ShadowElevations
  - MaterialComponents/Shapes (92.5.0):
    - MaterialComponents/private/Color
    - MaterialComponents/private/Math
    - MaterialComponents/ShadowLayer
  - MaterialComponents/Snackbar (92.5.0):
    - MaterialComponents/AnimationTiming
    - MaterialComponents/Buttons
    - MaterialComponents/Elevation
    - MaterialComponents/OverlayWindow
    - MaterialComponents/private/Application
    - MaterialComponents/private/KeyboardWatcher
    - MaterialComponents/private/Math
    - MaterialComponents/private/Overlay
    - MaterialComponents/ShadowElevations
    - MaterialComponents/ShadowLayer
    - MaterialComponents/Typography
  - MaterialComponents/Tabs (92.5.0):
    - MaterialComponents/AnimationTiming
    - MaterialComponents/Elevation
    - MaterialComponents/Ink
    - MaterialComponents/Palettes
    - MaterialComponents/private/Math
    - MaterialComponents/Ripple
    - MaterialComponents/ShadowElevations
    - MaterialComponents/ShadowLayer
    - MaterialComponents/Typography
    - MDFInternationalization
  - MaterialComponents/Typography (92.5.0):
    - MaterialComponents/private/Application
    - MaterialComponents/private/Math
  - MDFInternationalization (2.0.0)
  - MDFTextAccessibility (2.0.0)

DEPENDENCIES:
  - MaterialComponents/AppBar
  - MaterialComponents/FlexibleHeader
  - "MaterialComponents/FlexibleHeader+CanAlwaysExpandToMaximumHeight"
  - MaterialComponents/Snackbar
  - MaterialComponents/Tabs

SPEC REPOS:
  https://github.com/cocoapods/specs.git:
    - MaterialComponents
    - MDFInternationalization
    - MDFTextAccessibility

SPEC CHECKSUMS:
  MaterialComponents: 268edb7e34f1277b79d20f701b6ae30c7cd0179a
  MDFInternationalization: 010097556d6b09d2c4ea38e0820ea6d37be6a314
  MDFTextAccessibility: 85c09a1bd9c321f494348e632a25063bcda35a53

PODFILE CHECKSUM: c4cb39710a4df8c126d704f32071266a2199cfb9

COCOAPODS: 1.5.3
